// !$*UTF8*$!
{
	archiveVersion = 1;
	classes = {
	};
	objectVersion = 46;
	objects = {

/* Begin PBXBuildFile section */
		18C64E281C1FC12700018E59 /* main.m in Sources */ = {isa = PBXBuildFile; fileRef = 18C64E271C1FC12700018E59 /* main.m */; };
		18C64E2B1C1FC12700018E59 /* AppDelegate.m in Sources */ = {isa = PBXBuildFile; fileRef = 18C64E2A1C1FC12700018E59 /* AppDelegate.m */; };
		18C64E2E1C1FC12700018E59 /* ViewController.m in Sources */ = {isa = PBXBuildFile; fileRef = 18C64E2D1C1FC12700018E59 /* ViewController.m */; };
		18C64E311C1FC12700018E59 /* Main.storyboard in Resources */ = {isa = PBXBuildFile; fileRef = 18C64E2F1C1FC12700018E59 /* Main.storyboard */; };
		18C64E331C1FC12700018E59 /* Images.xcassets in Resources */ = {isa = PBXBuildFile; fileRef = 18C64E321C1FC12700018E59 /* Images.xcassets */; };
		18C64E361C1FC12700018E59 /* LaunchScreen.xib in Resources */ = {isa = PBXBuildFile; fileRef = 18C64E341C1FC12700018E59 /* LaunchScreen.xib */; };
		18C64E421C1FC12700018E59 /* FileHandlingTests.m in Sources */ = {isa = PBXBuildFile; fileRef = 18C64E411C1FC12700018E59 /* FileHandlingTests.m */; };
		18C64E4D1C1FD04900018E59 /* NotesTableViewController.m in Sources */ = {isa = PBXBuildFile; fileRef = 18C64E4C1C1FD04900018E59 /* NotesTableViewController.m */; };
/* End PBXBuildFile section */

/* Begin PBXContainerItemProxy section */
		18C64E3C1C1FC12700018E59 /* PBXContainerItemProxy */ = {
			isa = PBXContainerItemProxy;
			containerPortal = 18C64E1A1C1FC12600018E59 /* Project object */;
			proxyType = 1;
			remoteGlobalIDString = 18C64E211C1FC12600018E59;
			remoteInfo = FileHandling;
		};
/* End PBXContainerItemProxy section */

/* Begin PBXFileReference section */
		18C64E221C1FC12600018E59 /* FileHandling.app */ = {isa = PBXFileReference; explicitFileType = wrapper.application; includeInIndex = 0; path = FileHandling.app; sourceTree = BUILT_PRODUCTS_DIR; };
		18C64E261C1FC12700018E59 /* Info.plist */ = {isa = PBXFileReference; lastKnownFileType = text.plist.xml; path = Info.plist; sourceTree = "<group>"; };
		18C64E271C1FC12700018E59 /* main.m */ = {isa = PBXFileReference; lastKnownFileType = sourcecode.c.objc; path = main.m; sourceTree = "<group>"; };
		18C64E291C1FC12700018E59 /* AppDelegate.h */ = {isa = PBXFileReference; lastKnownFileType = sourcecode.c.h; path = AppDelegate.h; sourceTree = "<group>"; };
		18C64E2A1C1FC12700018E59 /* AppDelegate.m */ = {isa = PBXFileReference; lastKnownFileType = sourcecode.c.objc; path = AppDelegate.m; sourceTree = "<group>"; };
		18C64E2C1C1FC12700018E59 /* ViewController.h */ = {isa = PBXFileReference; lastKnownFileType = sourcecode.c.h; path = ViewController.h; sourceTree = "<group>"; };
		18C64E2D1C1FC12700018E59 /* ViewController.m */ = {isa = PBXFileReference; lastKnownFileType = sourcecode.c.objc; path = ViewController.m; sourceTree = "<group>"; };
		18C64E301C1FC12700018E59 /* Base */ = {isa = PBXFileReference; lastKnownFileType = file.storyboard; name = Base; path = Base.lproj/Main.storyboard; sourceTree = "<group>"; };
		18C64E321C1FC12700018E59 /* Images.xcassets */ = {isa = PBXFileReference; lastKnownFileType = folder.assetcatalog; path = Images.xcassets; sourceTree = "<group>"; };
		18C64E351C1FC12700018E59 /* Base */ = {isa = PBXFileReference; lastKnownFileType = file.xib; name = Base; path = Base.lproj/LaunchScreen.xib; sourceTree = "<group>"; };
		18C64E3B1C1FC12700018E59 /* FileHandlingTests.xctest */ = {isa = PBXFileReference; explicitFileType = wrapper.cfbundle; includeInIndex = 0; path = FileHandlingTests.xctest; sourceTree = BUILT_PRODUCTS_DIR; };
		18C64E401C1FC12700018E59 /* Info.plist */ = {isa = PBXFileReference; lastKnownFileType = text.plist.xml; path = Info.plist; sourceTree = "<group>"; };
		18C64E411C1FC12700018E59 /* FileHandlingTests.m */ = {isa = PBXFileReference; lastKnownFileType = sourcecode.c.objc; path = FileHandlingTests.m; sourceTree = "<group>"; };
		18C64E4B1C1FD04900018E59 /* NotesTableViewController.h */ = {isa = PBXFileReference; fileEncoding = 4; lastKnownFileType = sourcecode.c.h; path = NotesTableViewController.h; sourceTree = "<group>"; };
		18C64E4C1C1FD04900018E59 /* NotesTableViewController.m */ = {isa = PBXFileReference; fileEncoding = 4; lastKnownFileType = sourcecode.c.objc; path = NotesTableViewController.m; sourceTree = "<group>"; };
/* End PBXFileReference section */

/* Begin PBXFrameworksBuildPhase section */
		18C64E1F1C1FC12600018E59 /* Frameworks */ = {
			isa = PBXFrameworksBuildPhase;
			buildActionMask = 2147483647;
			files = (
			);
			runOnlyForDeploymentPostprocessing = 0;
		};
		18C64E381C1FC12700018E59 /* Frameworks */ = {
			isa = PBXFrameworksBuildPhase;
			buildActionMask = 2147483647;
			files = (
			);
			runOnlyForDeploymentPostprocessing = 0;
		};
/* End PBXFrameworksBuildPhase section */

/* Begin PBXGroup section */
		18C64E191C1FC12600018E59 = {
			isa = PBXGroup;
			children = (
				18C64E241C1FC12700018E59 /* FileHandling */,
				18C64E3E1C1FC12700018E59 /* FileHandlingTests */,
				18C64E231C1FC12600018E59 /* Products */,
			);
			sourceTree = "<group>";
		};
		18C64E231C1FC12600018E59 /* Products */ = {
			isa = PBXGroup;
			children = (
				18C64E221C1FC12600018E59 /* FileHandling.app */,
				18C64E3B1C1FC12700018E59 /* FileHandlingTests.xctest */,
			);
			name = Products;
			sourceTree = "<group>";
		};
		18C64E241C1FC12700018E59 /* FileHandling */ = {
			isa = PBXGroup;
			children = (
				18C64E291C1FC12700018E59 /* AppDelegate.h */,
				18C64E2A1C1FC12700018E59 /* AppDelegate.m */,
				18C64E2C1C1FC12700018E59 /* ViewController.h */,
				18C64E2D1C1FC12700018E59 /* ViewController.m */,
				18C64E2F1C1FC12700018E59 /* Main.storyboard */,
				18C64E321C1FC12700018E59 /* Images.xcassets */,
				18C64E341C1FC12700018E59 /* LaunchScreen.xib */,
				18C64E251C1FC12700018E59 /* Supporting Files */,
				18C64E4B1C1FD04900018E59 /* NotesTableViewController.h */,
				18C64E4C1C1FD04900018E59 /* NotesTableViewController.m */,
			);
			path = FileHandling;
			sourceTree = "<group>";
		};
		18C64E251C1FC12700018E59 /* Supporting Files */ = {
			isa = PBXGroup;
			children = (
				18C64E261C1FC12700018E59 /* Info.plist */,
				18C64E271C1FC12700018E59 /* main.m */,
			);
			name = "Supporting Files";
			sourceTree = "<group>";
		};
		18C64E3E1C1FC12700018E59 /* FileHandlingTests */ = {
			isa = PBXGroup;
			children = (
				18C64E411C1FC12700018E59 /* FileHandlingTests.m */,
				18C64E3F1C1FC12700018E59 /* Supporting Files */,
			);
			path = FileHandlingTests;
			sourceTree = "<group>";
		};
		18C64E3F1C1FC12700018E59 /* Supporting Files */ = {
			isa = PBXGroup;
			children = (
				18C64E401C1FC12700018E59 /* Info.plist */,
			);
			name = "Supporting Files";
			sourceTree = "<group>";
		};
/* End PBXGroup section */

/* Begin PBXNativeTarget section */
		18C64E211C1FC12600018E59 /* FileHandling */ = {
			isa = PBXNativeTarget;
			buildConfigurationList = 18C64E451C1FC12700018E59 /* Build configuration list for PBXNativeTarget "FileHandling" */;
			buildPhases = (
				18C64E1E1C1FC12600018E59 /* Sources */,
				18C64E1F1C1FC12600018E59 /* Frameworks */,
				18C64E201C1FC12600018E59 /* Resources */,
			);
			buildRules = (
			);
			dependencies = (
			);
			name = FileHandling;
			productName = FileHandling;
			productReference = 18C64E221C1FC12600018E59 /* FileHandling.app */;
			productType = "com.apple.product-type.application";
		};
		18C64E3A1C1FC12700018E59 /* FileHandlingTests */ = {
			isa = PBXNativeTarget;
			buildConfigurationList = 18C64E481C1FC12700018E59 /* Build configuration list for PBXNativeTarget "FileHandlingTests" */;
			buildPhases = (
				18C64E371C1FC12700018E59 /* Sources */,
				18C64E381C1FC12700018E59 /* Frameworks */,
				18C64E391C1FC12700018E59 /* Resources */,
			);
			buildRules = (
			);
			dependencies = (
				18C64E3D1C1FC12700018E59 /* PBXTargetDependency */,
			);
			name = FileHandlingTests;
			productName = FileHandlingTests;
			productReference = 18C64E3B1C1FC12700018E59 /* FileHandlingTests.xctest */;
			productType = "com.apple.product-type.bundle.unit-test";
		};
/* End PBXNativeTarget section */

/* Begin PBXProject section */
		18C64E1A1C1FC12600018E59 /* Project object */ = {
			isa = PBXProject;
			attributes = {
				LastUpgradeCheck = 0620;
				ORGANIZATIONNAME = CDAC;
				TargetAttributes = {
					18C64E211C1FC12600018E59 = {
						CreatedOnToolsVersion = 6.2;
					};
					18C64E3A1C1FC12700018E59 = {
						CreatedOnToolsVersion = 6.2;
						TestTargetID = 18C64E211C1FC12600018E59;
					};
				};
			};
			buildConfigurationList = 18C64E1D1C1FC12600018E59 /* Build configuration list for PBXProject "FileHandling" */;
			compatibilityVersion = "Xcode 3.2";
			developmentRegion = English;
			hasScannedForEncodings = 0;
			knownRegions = (
				en,
				Base,
			);
			mainGroup = 18C64E191C1FC12600018E59;
			productRefGroup = 18C64E231C1FC12600018E59 /* Products */;
			projectDirPath = "";
			projectRoot = "";
			targets = (
				18C64E211C1FC12600018E59 /* FileHandling */,
				18C64E3A1C1FC12700018E59 /* FileHandlingTests */,
			);
		};
/* End PBXProject section */

/* Begin PBXResourcesBuildPhase section */
		18C64E201C1FC12600018E59 /* Resources */ = {
			isa = PBXResourcesBuildPhase;
			buildActionMask = 2147483647;
			files = (
				18C64E311C1FC12700018E59 /* Main.storyboard in Resources */,
				18C64E361C1FC12700018E59 /* LaunchScreen.xib in Resources */,
				18C64E331C1FC12700018E59 /* Images.xcassets in Resources */,
			);
			runOnlyForDeploymentPostprocessing = 0;
		};
		18C64E391C1FC12700018E59 /* Resources */ = {
			isa = PBXResourcesBuildPhase;
			buildActionMask = 2147483647;
			files = (
			);
			runOnlyForDeploymentPostprocessing = 0;
		};
/* End PBXResourcesBuildPhase section */

/* Begin PBXSourcesBuildPhase section */
		18C64E1E1C1FC12600018E59 /* Sources */ = {
			isa = PBXSourcesBuildPhase;
			buildActionMask = 2147483647;
			files = (
				18C64E2E1C1FC12700018E59 /* ViewController.m in Sources */,
				18C64E4D1C1FD04900018E59 /* NotesTableViewController.m in Sources */,
				18C64E2B1C1FC12700018E59 /* AppDelegate.m in Sources */,
				18C64E281C1FC12700018E59 /* main.m in Sources */,
			);
			runOnlyForDeploymentPostprocessing = 0;
		};
		18C64E371C1FC12700018E59 /* Sources */ = {
			isa = PBXSourcesBuildPhase;
			buildActionMask = 2147483647;
			files = (
				18C64E421C1FC12700018E59 /* FileHandlingTests.m in Sources */,
			);
			runOnlyForDeploymentPostprocessing = 0;
		};
/* End PBXSourcesBuildPhase section */

/* Begin PBXTargetDependency section */
		18C64E3D1C1FC12700018E59 /* PBXTargetDependency */ = {
			isa = PBXTargetDependency;
			target = 18C64E211C1FC12600018E59 /* FileHandling */;
			targetProxy = 18C64E3C1C1FC12700018E59 /* PBXContainerItemProxy */;
		};
/* End PBXTargetDependency section */

/* Begin PBXVariantGroup section */
		18C64E2F1C1FC12700018E59 /* Main.storyboard */ = {
			isa = PBXVariantGroup;
			children = (
				18C64E301C1FC12700018E59 /* Base */,
			);
			name = Main.storyboard;
			sourceTree = "<group>";
		};
		18C64E341C1FC12700018E59 /* LaunchScreen.xib */ = {
			isa = PBXVariantGroup;
			children = (
				18C64E351C1FC12700018E59 /* Base */,
			);
			name = LaunchScreen.xib;
			sourceTree = "<group>";
		};
/* End PBXVariantGroup section */

/* Begin XCBuildConfiguration section */
		18C64E431C1FC12700018E59 /* Debug */ = {
			isa = XCBuildConfiguration;
			buildSettings = {
				ALWAYS_SEARCH_USER_PATHS = NO;
				CLANG_CXX_LANGUAGE_STANDARD = "gnu++0x";
				CLANG_CXX_LIBRARY = "libc++";
				CLANG_ENABLE_MODULES = YES;
				CLANG_ENABLE_OBJC_ARC = YES;
				CLANG_WARN_BOOL_CONVERSION = YES;
				CLANG_WARN_CONSTANT_CONVERSION = YES;
				CLANG_WARN_DIRECT_OBJC_ISA_USAGE = YES_ERROR;
				CLANG_WARN_EMPTY_BODY = YES;
				CLANG_WARN_ENUM_CONVERSION = YES;
				CLANG_WARN_INT_CONVERSION = YES;
				CLANG_WARN_OBJC_ROOT_CLASS = YES_ERROR;
				CLANG_WARN_UNREACHABLE_CODE = YES;
				CLANG_WARN__DUPLICATE_METHOD_MATCH = YES;
				"CODE_SIGN_IDENTITY[sdk=iphoneos*]" = "iPhone Developer";
				COPY_PHASE_STRIP = NO;
				ENABLE_STRICT_OBJC_MSGSEND = YES;
				GCC_C_LANGUAGE_STANDARD = gnu99;
				GCC_DYNAMIC_NO_PIC = NO;
				GCC_OPTIMIZATION_LEVEL = 0;
				GCC_PREPROCESSOR_DEFINITIONS = (
					"DEBUG=1",
					"$(inherited)",
				);
				GCC_SYMBOLS_PRIVATE_EXTERN = NO;
				GCC_WARN_64_TO_32_BIT_CONVERSION = YES;
				GCC_WARN_ABOUT_RETURN_TYPE = YES_ERROR;
				GCC_WARN_UNDECLARED_SELECTOR = YES;
				GCC_WARN_UNINITIALIZED_AUTOS = YES_AGGRESSIVE;
				GCC_WARN_UNUSED_FUNCTION = YES;
				GCC_WARN_UNUSED_VARIABLE = YES;
				IPHONEOS_DEPLOYMENT_TARGET = 8.2;
				MTL_ENABLE_DEBUG_INFO = YES;
				ONLY_ACTIVE_ARCH = YES;
				SDKROOT = iphoneos;
			};
			name = Debug;
		};
		18C64E441C1FC12700018E59 /* Release */ = {
			isa = XCBuildConfiguration;
			buildSettings = {
				ALWAYS_SEARCH_USER_PATHS = NO;
				CLANG_CXX_LANGUAGE_STANDARD = "gnu++0x";
				CLANG_CXX_LIBRARY = "libc++";
				CLANG_ENABLE_MODULES = YES;
				CLANG_ENABLE_OBJC_ARC = YES;
				CLANG_WARN_BOOL_CONVERSION = YES;
				CLANG_WARN_CONSTANT_CONVERSION = YES;
				CLANG_WARN_DIRECT_OBJC_ISA_USAGE = YES_ERROR;
				CLANG_WARN_EMPTY_BODY = YES;
				CLANG_WARN_ENUM_CONVERSION = YES;
				CLANG_WARN_INT_CONVERSION = YES;
				CLANG_WARN_OBJC_ROOT_CLASS = YES_ERROR;
				CLANG_WARN_UNREACHABLE_CODE = YES;
				CLANG_WARN__DUPLICATE_METHOD_MATCH = YES;
				"CODE_SIGN_IDENTITY[sdk=iphoneos*]" = "iPhone Developer";
				COPY_PHASE_STRIP = NO;
				ENABLE_NS_ASSERTIONS = NO;
				ENABLE_STRICT_OBJC_MSGSEND = YES;
				GCC_C_LANGUAGE_STANDARD = gnu99;
				GCC_WARN_64_TO_32_BIT_CONVERSION = YES;
				GCC_WARN_ABOUT_RETURN_TYPE = YES_ERROR;
				GCC_WARN_UNDECLARED_SELECTOR = YES;
				GCC_WARN_UNINITIALIZED_AUTOS = YES_AGGRESSIVE;
				GCC_WARN_UNUSED_FUNCTION = YES;
				GCC_WARN_UNUSED_VARIABLE = YES;
				IPHONEOS_DEPLOYMENT_TARGET = 8.2;
				MTL_ENABLE_DEBUG_INFO = NO;
				SDKROOT = iphoneos;
				VALIDATE_PRODUCT = YES;
			};
			name = Release;
		};
		18C64E461C1FC12700018E59 /* Debug */ = {
			isa = XCBuildConfiguration;
			buildSettings = {
				ASSETCATALOG_COMPILER_APPICON_NAME = AppIcon;
				INFOPLIST_FILE = FileHandling/Info.plist;
				LD_RUNPATH_SEARCH_PATHS = "$(inherited) @executable_path/Frameworks";
				PRODUCT_NAME = "$(TARGET_NAME)";
			};
			name = Debug;
		};
		18C64E471C1FC12700018E59 /* Release */ = {
			isa = XCBuildConfiguration;
			buildSettings = {
				ASSETCATALOG_COMPILER_APPICON_NAME = AppIcon;
				INFOPLIST_FILE = FileHandling/Info.plist;
				LD_RUNPATH_SEARCH_PATHS = "$(inherited) @executable_path/Frameworks";
				PRODUCT_NAME = "$(TARGET_NAME)";
			};
			name = Release;
		};
		18C64E491C1FC12700018E59 /* Debug */ = {
			isa = XCBuildConfiguration;
			buildSettings = {
				BUNDLE_LOADER = "$(TEST_HOST)";
				FRAMEWORK_SEARCH_PATHS = (
					"$(SDKROOT)/Developer/Library/Frameworks",
					"$(inherited)",
				);
				GCC_PREPROCESSOR_DEFINITIONS = (
					"DEBUG=1",
					"$(inherited)",
				);
				INFOPLIST_FILE = FileHandlingTests/Info.plist;
				LD_RUNPATH_SEARCH_PATHS = "$(inherited) @executable_path/Frameworks @loader_path/Frameworks";
				PRODUCT_NAME = "$(TARGET_NAME)";
				TEST_HOST = "$(BUILT_PRODUCTS_DIR)/FileHandling.app/FileHandling";
			};
			name = Debug;
		};
		18C64E4A1C1FC12700018E59 /* Release */ = {
			isa = XCBuildConfiguration;
			buildSettings = {
				BUNDLE_LOADER = "$(TEST_HOST)";
				FRAMEWORK_SEARCH_PATHS = (
					"$(SDKROOT)/Developer/Library/Frameworks",
					"$(inherited)",
				);
				INFOPLIST_FILE = FileHandlingTests/Info.plist;
				LD_RUNPATH_SEARCH_PATHS = "$(inherited) @executable_path/Frameworks @loader_path/Frameworks";
				PRODUCT_NAME = "$(TARGET_NAME)";
				TEST_HOST = "$(BUILT_PRODUCTS_DIR)/FileHandling.app/FileHandling";
			};
			name = Release;
		};
/* End XCBuildConfiguration section */

/* Begin XCConfigurationList section */
		18C64E1D1C1FC12600018E59 /* Build configuration list for PBXProject "FileHandling" */ = {
			isa = XCConfigurationList;
			buildConfigurations = (
				18C64E431C1FC12700018E59 /* Debug */,
				18C64E441C1FC12700018E59 /* Release */,
			);
			defaultConfigurationIsVisible = 0;
			defaultConfigurationName = Release;
		};
		18C64E451C1FC12700018E59 /* Build configuration list for PBXNativeTarget "FileHandling" */ = {
			isa = XCConfigurationList;
			buildConfigurations = (
				18C64E461C1FC12700018E59 /* Debug */,
				18C64E471C1FC12700018E59 /* Release */,
			);
			defaultConfigurationIsVisible = 0;
			defaultConfigurationName = Release;
		};
		18C64E481C1FC12700018E59 /* Build configuration list for PBXNativeTarget "FileHandlingTests" */ = {
			isa = XCConfigurationList;
			buildConfigurations = (
				18C64E491C1FC12700018E59 /* Debug */,
				18C64E4A1C1FC12700018E59 /* Release */,
			);
			defaultConfigurationIsVisible = 0;
			defaultConfigurationName = Release;
		};
/* End XCConfigurationList section */
	};
	rootObject = 18C64E1A1C1FC12600018E59 /* Project object */;
}
